// !$*UTF8*$!
{
	archiveVersion = 1;
	classes = {
	};
	objectVersion = 46;
	objects = {

/* Begin PBXBuildFile section */
		94718E2E1C210627007EDC3C /* AppDelegate.swift in Sources */ = {isa = PBXBuildFile; fileRef = 94718E2D1C210627007EDC3C /* AppDelegate.swift */; };
		94718E301C210627007EDC3C /* ViewController.swift in Sources */ = {isa = PBXBuildFile; fileRef = 94718E2F1C210627007EDC3C /* ViewController.swift */; };
		94718E331C210627007EDC3C /* Main.storyboard in Resources */ = {isa = PBXBuildFile; fileRef = 94718E311C210627007EDC3C /* Main.storyboard */; };
		94718E351C210627007EDC3C /* Assets.xcassets in Resources */ = {isa = PBXBuildFile; fileRef = 94718E341C210627007EDC3C /* Assets.xcassets */; };
		94718E381C210627007EDC3C /* LaunchScreen.storyboard in Resources */ = {isa = PBXBuildFile; fileRef = 94718E361C210627007EDC3C /* LaunchScreen.storyboard */; };
		94718E401C210659007EDC3C /* GoodListViewController.swift in Sources */ = {isa = PBXBuildFile; fileRef = 94718E3F1C210659007EDC3C /* GoodListViewController.swift */; };
		94718E421C2106CF007EDC3C /* GoodModel.swift in Sources */ = {isa = PBXBuildFile; fileRef = 94718E411C2106CF007EDC3C /* GoodModel.swift */; };
		94718E441C2113AF007EDC3C /* GoodListCell.swift in Sources */ = {isa = PBXBuildFile; fileRef = 94718E431C2113AF007EDC3C /* GoodListCell.swift */; };
		94718E551C2118D4007EDC3C /* Constraint.swift in Sources */ = {isa = PBXBuildFile; fileRef = 94718E471C2118D4007EDC3C /* Constraint.swift */; };
		94718E561C2118D4007EDC3C /* ConstraintAttributes.swift in Sources */ = {isa = PBXBuildFile; fileRef = 94718E481C2118D4007EDC3C /* ConstraintAttributes.swift */; };
		94718E571C2118D4007EDC3C /* ConstraintDescription.swift in Sources */ = {isa = PBXBuildFile; fileRef = 94718E491C2118D4007EDC3C /* ConstraintDescription.swift */; };
		94718E581C2118D4007EDC3C /* ConstraintItem.swift in Sources */ = {isa = PBXBuildFile; fileRef = 94718E4A1C2118D4007EDC3C /* ConstraintItem.swift */; };
		94718E591C2118D4007EDC3C /* ConstraintMaker.swift in Sources */ = {isa = PBXBuildFile; fileRef = 94718E4B1C2118D4007EDC3C /* ConstraintMaker.swift */; };
		94718E5A1C2118D4007EDC3C /* ConstraintRelation.swift in Sources */ = {isa = PBXBuildFile; fileRef = 94718E4C1C2118D4007EDC3C /* ConstraintRelation.swift */; };
		94718E5B1C2118D4007EDC3C /* Debugging.swift in Sources */ = {isa = PBXBuildFile; fileRef = 94718E4D1C2118D4007EDC3C /* Debugging.swift */; };
		94718E5C1C2118D4007EDC3C /* EdgeInsets.swift in Sources */ = {isa = PBXBuildFile; fileRef = 94718E4E1C2118D4007EDC3C /* EdgeInsets.swift */; };
		94718E5D1C2118D4007EDC3C /* LayoutConstraint.swift in Sources */ = {isa = PBXBuildFile; fileRef = 94718E4F1C2118D4007EDC3C /* LayoutConstraint.swift */; };
		94718E5E1C2118D4007EDC3C /* SnapKit.swift in Sources */ = {isa = PBXBuildFile; fileRef = 94718E511C2118D4007EDC3C /* SnapKit.swift */; };
		94718E5F1C2118D4007EDC3C /* SourceLocation.swift in Sources */ = {isa = PBXBuildFile; fileRef = 94718E521C2118D4007EDC3C /* SourceLocation.swift */; };
		94718E601C2118D4007EDC3C /* View+SnapKit.swift in Sources */ = {isa = PBXBuildFile; fileRef = 94718E531C2118D4007EDC3C /* View+SnapKit.swift */; };
		94718E611C2118D4007EDC3C /* ViewController+SnapKit.swift in Sources */ = {isa = PBXBuildFile; fileRef = 94718E541C2118D4007EDC3C /* ViewController+SnapKit.swift */; };
		94718E631C2137E7007EDC3C /* ShoppingCartVC.swift in Sources */ = {isa = PBXBuildFile; fileRef = 94718E621C2137E7007EDC3C /* ShoppingCartVC.swift */; };
		94718E651C213D55007EDC3C /* ShoppingCartCell.swift in Sources */ = {isa = PBXBuildFile; fileRef = 94718E641C213D55007EDC3C /* ShoppingCartCell.swift */; };
		94718E671C214087007EDC3C /* OldPriceLabel.swift in Sources */ = {isa = PBXBuildFile; fileRef = 94718E661C214087007EDC3C /* OldPriceLabel.swift */; };
		94718E7A1C216757007EDC3C /* add_icon@2x.png in Resources */ = {isa = PBXBuildFile; fileRef = 94718E681C216757007EDC3C /* add_icon@2x.png */; };
		94718E7B1C216757007EDC3C /* button_add_cart.png in Resources */ = {isa = PBXBuildFile; fileRef = 94718E691C216757007EDC3C /* button_add_cart.png */; };
		94718E7C1C216757007EDC3C /* button_cart@2x.png in Resources */ = {isa = PBXBuildFile; fileRef = 94718E6A1C216757007EDC3C /* button_cart@2x.png */; };
		94718E7D1C216757007EDC3C /* check_n@2x.png in Resources */ = {isa = PBXBuildFile; fileRef = 94718E6B1C216757007EDC3C /* check_n@2x.png */; };
		94718E7E1C216757007EDC3C /* check_p@2x.png in Resources */ = {isa = PBXBuildFile; fileRef = 94718E6C1C216757007EDC3C /* check_p@2x.png */; };
		94718E7F1C216757007EDC3C /* delete_icon@2x.png in Resources */ = {isa = PBXBuildFile; fileRef = 94718E6D1C216757007EDC3C /* delete_icon@2x.png */; };
		94718E801C216757007EDC3C /* goodicon_0.png in Resources */ = {isa = PBXBuildFile; fileRef = 94718E6E1C216757007EDC3C /* goodicon_0.png */; };
		94718E811C216757007EDC3C /* goodicon_1.png in Resources */ = {isa = PBXBuildFile; fileRef = 94718E6F1C216757007EDC3C /* goodicon_1.png */; };
		94718E821C216757007EDC3C /* goodicon_2.png in Resources */ = {isa = PBXBuildFile; fileRef = 94718E701C216757007EDC3C /* goodicon_2.png */; };
		94718E831C216757007EDC3C /* goodicon_3.png in Resources */ = {isa = PBXBuildFile; fileRef = 94718E711C216757007EDC3C /* goodicon_3.png */; };
		94718E841C216757007EDC3C /* goodicon_4.png in Resources */ = {isa = PBXBuildFile; fileRef = 94718E721C216757007EDC3C /* goodicon_4.png */; };
		94718E851C216757007EDC3C /* goodicon_5.png in Resources */ = {isa = PBXBuildFile; fileRef = 94718E731C216757007EDC3C /* goodicon_5.png */; };
		94718E861C216757007EDC3C /* goodicon_6.png in Resources */ = {isa = PBXBuildFile; fileRef = 94718E741C216757007EDC3C /* goodicon_6.png */; };
		94718E871C216757007EDC3C /* goodicon_7.png in Resources */ = {isa = PBXBuildFile; fileRef = 94718E751C216757007EDC3C /* goodicon_7.png */; };
		94718E881C216757007EDC3C /* goodicon_8.png in Resources */ = {isa = PBXBuildFile; fileRef = 94718E761C216757007EDC3C /* goodicon_8.png */; };
		94718E891C216757007EDC3C /* goodicon_9.png in Resources */ = {isa = PBXBuildFile; fileRef = 94718E771C216757007EDC3C /* goodicon_9.png */; };
		94718E8A1C216757007EDC3C /* numbe_bg_icon@2x.png in Resources */ = {isa = PBXBuildFile; fileRef = 94718E781C216757007EDC3C /* numbe_bg_icon@2x.png */; };
		94718E8B1C216757007EDC3C /* jian_icon@2x.png in Resources */ = {isa = PBXBuildFile; fileRef = 94718E791C216757007EDC3C /* jian_icon@2x.png */; };
		94718E8E1C2169EF007EDC3C /* shoppingCart.gif in Resources */ = {isa = PBXBuildFile; fileRef = 94718E8D1C2169EF007EDC3C /* shoppingCart.gif */; };
/* End PBXBuildFile section */

/* Begin PBXFileReference section */
		94718E2A1C210626007EDC3C /* ShoppingCartSwiftDemo.app */ = {isa = PBXFileReference; explicitFileType = wrapper.application; includeInIndex = 0; path = ShoppingCartSwiftDemo.app; sourceTree = BUILT_PRODUCTS_DIR; };
		94718E2D1C210627007EDC3C /* AppDelegate.swift */ = {isa = PBXFileReference; lastKnownFileType = sourcecode.swift; path = AppDelegate.swift; sourceTree = "<group>"; };
		94718E2F1C210627007EDC3C /* ViewController.swift */ = {isa = PBXFileReference; lastKnownFileType = sourcecode.swift; path = ViewController.swift; sourceTree = "<group>"; };
		94718E321C210627007EDC3C /* Base */ = {isa = PBXFileReference; lastKnownFileType = file.storyboard; name = Base; path = Base.lproj/Main.storyboard; sourceTree = "<group>"; };
		94718E341C210627007EDC3C /* Assets.xcassets */ = {isa = PBXFileReference; lastKnownFileType = folder.assetcatalog; path = Assets.xcassets; sourceTree = "<group>"; };
		94718E371C210627007EDC3C /* Base */ = {isa = PBXFileReference; lastKnownFileType = file.storyboard; name = Base; path = Base.lproj/LaunchScreen.storyboard; sourceTree = "<group>"; };
		94718E391C210627007EDC3C /* Info.plist */ = {isa = PBXFileReference; lastKnownFileType = text.plist.xml; path = Info.plist; sourceTree = "<group>"; };
		94718E3F1C210659007EDC3C /* GoodListViewController.swift */ = {isa = PBXFileReference; fileEncoding = 4; lastKnownFileType = sourcecode.swift; path = GoodListViewController.swift; sourceTree = "<group>"; };
		94718E411C2106CF007EDC3C /* GoodModel.swift */ = {isa = PBXFileReference; fileEncoding = 4; lastKnownFileType = sourcecode.swift; path = GoodModel.swift; sourceTree = "<group>"; };
		94718E431C2113AF007EDC3C /* GoodListCell.swift */ = {isa = PBXFileReference; fileEncoding = 4; lastKnownFileType = sourcecode.swift; path = GoodListCell.swift; sourceTree = "<group>"; };
		94718E471C2118D4007EDC3C /* Constraint.swift */ = {isa = PBXFileReference; fileEncoding = 4; lastKnownFileType = sourcecode.swift; path = Constraint.swift; sourceTree = "<group>"; };
		94718E481C2118D4007EDC3C /* ConstraintAttributes.swift */ = {isa = PBXFileReference; fileEncoding = 4; lastKnownFileType = sourcecode.swift; path = ConstraintAttributes.swift; sourceTree = "<group>"; };
		94718E491C2118D4007EDC3C /* ConstraintDescription.swift */ = {isa = PBXFileReference; fileEncoding = 4; lastKnownFileType = sourcecode.swift; path = ConstraintDescription.swift; sourceTree = "<group>"; };
		94718E4A1C2118D4007EDC3C /* ConstraintItem.swift */ = {isa = PBXFileReference; fileEncoding = 4; lastKnownFileType = sourcecode.swift; path = ConstraintItem.swift; sourceTree = "<group>"; };
		94718E4B1C2118D4007EDC3C /* ConstraintMaker.swift */ = {isa = PBXFileReference; fileEncoding = 4; lastKnownFileType = sourcecode.swift; path = ConstraintMaker.swift; sourceTree = "<group>"; };
		94718E4C1C2118D4007EDC3C /* ConstraintRelation.swift */ = {isa = PBXFileReference; fileEncoding = 4; lastKnownFileType = sourcecode.swift; path = ConstraintRelation.swift; sourceTree = "<group>"; };
		94718E4D1C2118D4007EDC3C /* Debugging.swift */ = {isa = PBXFileReference; fileEncoding = 4; lastKnownFileType = sourcecode.swift; path = Debugging.swift; sourceTree = "<group>"; };
		94718E4E1C2118D4007EDC3C /* EdgeInsets.swift */ = {isa = PBXFileReference; fileEncoding = 4; lastKnownFileType = sourcecode.swift; path = EdgeInsets.swift; sourceTree = "<group>"; };
		94718E4F1C2118D4007EDC3C /* LayoutConstraint.swift */ = {isa = PBXFileReference; fileEncoding = 4; lastKnownFileType = sourcecode.swift; path = LayoutConstraint.swift; sourceTree = "<group>"; };
		94718E501C2118D4007EDC3C /* SnapKit.h */ = {isa = PBXFileReference; fileEncoding = 4; lastKnownFileType = sourcecode.c.h; path = SnapKit.h; sourceTree = "<group>"; };
		94718E511C2118D4007EDC3C /* SnapKit.swift */ = {isa = PBXFileReference; fileEncoding = 4; lastKnownFileType = sourcecode.swift; path = SnapKit.swift; sourceTree = "<group>"; };
		94718E521C2118D4007EDC3C /* SourceLocation.swift */ = {isa = PBXFileReference; fileEncoding = 4; lastKnownFileType = sourcecode.swift; path = SourceLocation.swift; sourceTree = "<group>"; };
		94718E531C2118D4007EDC3C /* View+SnapKit.swift */ = {isa = PBXFileReference; fileEncoding = 4; lastKnownFileType = sourcecode.swift; path = "View+SnapKit.swift"; sourceTree = "<group>"; };
		94718E541C2118D4007EDC3C /* ViewController+SnapKit.swift */ = {isa = PBXFileReference; fileEncoding = 4; lastKnownFileType = sourcecode.swift; path = "ViewController+SnapKit.swift"; sourceTree = "<group>"; };
		94718E621C2137E7007EDC3C /* ShoppingCartVC.swift */ = {isa = PBXFileReference; fileEncoding = 4; lastKnownFileType = sourcecode.swift; path = ShoppingCartVC.swift; sourceTree = "<group>"; };
		94718E641C213D55007EDC3C /* ShoppingCartCell.swift */ = {isa = PBXFileReference; fileEncoding = 4; lastKnownFileType = sourcecode.swift; path = ShoppingCartCell.swift; sourceTree = "<group>"; };
		94718E661C214087007EDC3C /* OldPriceLabel.swift */ = {isa = PBXFileReference; fileEncoding = 4; lastKnownFileType = sourcecode.swift; path = OldPriceLabel.swift; sourceTree = "<group>"; };
		94718E681C216757007EDC3C /* add_icon@2x.png */ = {isa = PBXFileReference; lastKnownFileType = image.png; path = "add_icon@2x.png"; sourceTree = "<group>"; };
		94718E691C216757007EDC3C /* button_add_cart.png */ = {isa = PBXFileReference; lastKnownFileType = image.png; path = button_add_cart.png; sourceTree = "<group>"; };
		94718E6A1C216757007EDC3C /* button_cart@2x.png */ = {isa = PBXFileReference; lastKnownFileType = image.png; path = "button_cart@2x.png"; sourceTree = "<group>"; };
		94718E6B1C216757007EDC3C /* check_n@2x.png */ = {isa = PBXFileReference; lastKnownFileType = image.png; path = "check_n@2x.png"; sourceTree = "<group>"; };
		94718E6C1C216757007EDC3C /* check_p@2x.png */ = {isa = PBXFileReference; lastKnownFileType = image.png; path = "check_p@2x.png"; sourceTree = "<group>"; };
		94718E6D1C216757007EDC3C /* delete_icon@2x.png */ = {isa = PBXFileReference; lastKnownFileType = image.png; path = "delete_icon@2x.png"; sourceTree = "<group>"; };
		94718E6E1C216757007EDC3C /* goodicon_0.png */ = {isa = PBXFileReference; lastKnownFileType = image.png; path = goodicon_0.png; sourceTree = "<group>"; };
		94718E6F1C216757007EDC3C /* goodicon_1.png */ = {isa = PBXFileReference; lastKnownFileType = image.png; path = goodicon_1.png; sourceTree = "<group>"; };
		94718E701C216757007EDC3C /* goodicon_2.png */ = {isa = PBXFileReference; lastKnownFileType = image.png; path = goodicon_2.png; sourceTree = "<group>"; };
		94718E711C216757007EDC3C /* goodicon_3.png */ = {isa = PBXFileReference; lastKnownFileType = image.png; path = goodicon_3.png; sourceTree = "<group>"; };
		94718E721C216757007EDC3C /* goodicon_4.png */ = {isa = PBXFileReference; lastKnownFileType = image.png; path = goodicon_4.png; sourceTree = "<group>"; };
		94718E731C216757007EDC3C /* goodicon_5.png */ = {isa = PBXFileReference; lastKnownFileType = image.png; path = goodicon_5.png; sourceTree = "<group>"; };
		94718E741C216757007EDC3C /* goodicon_6.png */ = {isa = PBXFileReference; lastKnownFileType = image.png; path = goodicon_6.png; sourceTree = "<group>"; };
		94718E751C216757007EDC3C /* goodicon_7.png */ = {isa = PBXFileReference; lastKnownFileType = image.png; path = goodicon_7.png; sourceTree = "<group>"; };
		94718E761C216757007EDC3C /* goodicon_8.png */ = {isa = PBXFileReference; lastKnownFileType = image.png; path = goodicon_8.png; sourceTree = "<group>"; };
		94718E771C216757007EDC3C /* goodicon_9.png */ = {isa = PBXFileReference; lastKnownFileType = image.png; path = goodicon_9.png; sourceTree = "<group>"; };
		94718E781C216757007EDC3C /* numbe_bg_icon@2x.png */ = {isa = PBXFileReference; lastKnownFileType = image.png; path = "numbe_bg_icon@2x.png"; sourceTree = "<group>"; };
		94718E791C216757007EDC3C /* jian_icon@2x.png */ = {isa = PBXFileReference; lastKnownFileType = image.png; path = "jian_icon@2x.png"; sourceTree = "<group>"; };
		94718E8D1C2169EF007EDC3C /* shoppingCart.gif */ = {isa = PBXFileReference; lastKnownFileType = image.gif; path = shoppingCart.gif; sourceTree = "<group>"; };
/* End PBXFileReference section */

/* Begin PBXFrameworksBuildPhase section */
		94718E271C210626007EDC3C /* Frameworks */ = {
			isa = PBXFrameworksBuildPhase;
			buildActionMask = 2147483647;
			files = (
			);
			runOnlyForDeploymentPostprocessing = 0;
		};
/* End PBXFrameworksBuildPhase section */

/* Begin PBXGroup section */
		94718E211C210626007EDC3C = {
			isa = PBXGroup;
			children = (
				94718E2C1C210626007EDC3C /* ShoppingCartSwiftDemo */,
				94718E2B1C210626007EDC3C /* Products */,
			);
			sourceTree = "<group>";
		};
		94718E2B1C210626007EDC3C /* Products */ = {
			isa = PBXGroup;
			children = (
				94718E2A1C210626007EDC3C /* ShoppingCartSwiftDemo.app */,
			);
			name = Products;
			sourceTree = "<group>";
		};
		94718E2C1C210626007EDC3C /* ShoppingCartSwiftDemo */ = {
			isa = PBXGroup;
			children = (
				94718E451C2118D4007EDC3C /* Library */,
				94718E2D1C210627007EDC3C /* AppDelegate.swift */,
				94718E2F1C210627007EDC3C /* ViewController.swift */,
				94718E3F1C210659007EDC3C /* GoodListViewController.swift */,
				94718E411C2106CF007EDC3C /* GoodModel.swift */,
				94718E431C2113AF007EDC3C /* GoodListCell.swift */,
				94718E621C2137E7007EDC3C /* ShoppingCartVC.swift */,
				94718E641C213D55007EDC3C /* ShoppingCartCell.swift */,
				94718E661C214087007EDC3C /* OldPriceLabel.swift */,
				94718E8C1C216909007EDC3C /* Image */,
				94718E311C210627007EDC3C /* Main.storyboard */,
				94718E341C210627007EDC3C /* Assets.xcassets */,
				94718E361C210627007EDC3C /* LaunchScreen.storyboard */,
				94718E391C210627007EDC3C /* Info.plist */,
			);
			path = ShoppingCartSwiftDemo;
			sourceTree = "<group>";
		};
		94718E451C2118D4007EDC3C /* Library */ = {
			isa = PBXGroup;
			children = (
				94718E461C2118D4007EDC3C /* SnapKit */,
			);
			path = Library;
			sourceTree = "<group>";
		};
		94718E461C2118D4007EDC3C /* SnapKit */ = {
			isa = PBXGroup;
			children = (
				94718E471C2118D4007EDC3C /* Constraint.swift */,
				94718E481C2118D4007EDC3C /* ConstraintAttributes.swift */,
				94718E491C2118D4007EDC3C /* ConstraintDescription.swift */,
				94718E4A1C2118D4007EDC3C /* ConstraintItem.swift */,
				94718E4B1C2118D4007EDC3C /* ConstraintMaker.swift */,
				94718E4C1C2118D4007EDC3C /* ConstraintRelation.swift */,
				94718E4D1C2118D4007EDC3C /* Debugging.swift */,
				94718E4E1C2118D4007EDC3C /* EdgeInsets.swift */,
				94718E4F1C2118D4007EDC3C /* LayoutConstraint.swift */,
				94718E501C2118D4007EDC3C /* SnapKit.h */,
				94718E511C2118D4007EDC3C /* SnapKit.swift */,
				94718E521C2118D4007EDC3C /* SourceLocation.swift */,
				94718E531C2118D4007EDC3C /* View+SnapKit.swift */,
				94718E541C2118D4007EDC3C /* ViewController+SnapKit.swift */,
			);
			path = SnapKit;
			sourceTree = "<group>";
		};
		94718E8C1C216909007EDC3C /* Image */ = {
			isa = PBXGroup;
			children = (
				94718E8D1C2169EF007EDC3C /* shoppingCart.gif */,
				94718E681C216757007EDC3C /* add_icon@2x.png */,
				94718E691C216757007EDC3C /* button_add_cart.png */,
				94718E6A1C216757007EDC3C /* button_cart@2x.png */,
				94718E6B1C216757007EDC3C /* check_n@2x.png */,
				94718E6C1C216757007EDC3C /* check_p@2x.png */,
				94718E6D1C216757007EDC3C /* delete_icon@2x.png */,
				94718E6E1C216757007EDC3C /* goodicon_0.png */,
				94718E6F1C216757007EDC3C /* goodicon_1.png */,
				94718E701C216757007EDC3C /* goodicon_2.png */,
				94718E711C216757007EDC3C /* goodicon_3.png */,
				94718E721C216757007EDC3C /* goodicon_4.png */,
				94718E731C216757007EDC3C /* goodicon_5.png */,
				94718E741C216757007EDC3C /* goodicon_6.png */,
				94718E751C216757007EDC3C /* goodicon_7.png */,
				94718E761C216757007EDC3C /* goodicon_8.png */,
				94718E771C216757007EDC3C /* goodicon_9.png */,
				94718E781C216757007EDC3C /* numbe_bg_icon@2x.png */,
				94718E791C216757007EDC3C /* jian_icon@2x.png */,
			);
			name = Image;
			sourceTree = "<group>";
		};
/* End PBXGroup section */

/* Begin PBXNativeTarget section */
		94718E291C210626007EDC3C /* ShoppingCartSwiftDemo */ = {
			isa = PBXNativeTarget;
			buildConfigurationList = 94718E3C1C210627007EDC3C /* Build configuration list for PBXNativeTarget "ShoppingCartSwiftDemo" */;
			buildPhases = (
				94718E261C210626007EDC3C /* Sources */,
				94718E271C210626007EDC3C /* Frameworks */,
				94718E281C210626007EDC3C /* Resources */,
			);
			buildRules = (
			);
			dependencies = (
			);
			name = ShoppingCartSwiftDemo;
			productName = ShoppingCartSwiftDemo;
			productReference = 94718E2A1C210626007EDC3C /* ShoppingCartSwiftDemo.app */;
			productType = "com.apple.product-type.application";
		};
/* End PBXNativeTarget section */

/* Begin PBXProject section */
		94718E221C210626007EDC3C /* Project object */ = {
			isa = PBXProject;
			attributes = {
				LastSwiftUpdateCheck = 0710;
				LastUpgradeCheck = 0710;
				ORGANIZATIONNAME = langyue;
				TargetAttributes = {
					94718E291C210626007EDC3C = {
						CreatedOnToolsVersion = 7.1;
					};
				};
			};
			buildConfigurationList = 94718E251C210626007EDC3C /* Build configuration list for PBXProject "ShoppingCartSwiftDemo" */;
			compatibilityVersion = "Xcode 3.2";
			developmentRegion = English;
			hasScannedForEncodings = 0;
			knownRegions = (
				en,
				Base,
			);
			mainGroup = 94718E211C210626007EDC3C;
			productRefGroup = 94718E2B1C210626007EDC3C /* Products */;
			projectDirPath = "";
			projectRoot = "";
			targets = (
				94718E291C210626007EDC3C /* ShoppingCartSwiftDemo */,
			);
		};
/* End PBXProject section */

/* Begin PBXResourcesBuildPhase section */
		94718E281C210626007EDC3C /* Resources */ = {
			isa = PBXResourcesBuildPhase;
			buildActionMask = 2147483647;
			files = (
				94718E831C216757007EDC3C /* goodicon_3.png in Resources */,
				94718E891C216757007EDC3C /* goodicon_9.png in Resources */,
				94718E7E1C216757007EDC3C /* check_p@2x.png in Resources */,
				94718E881C216757007EDC3C /* goodicon_8.png in Resources */,
				94718E8A1C216757007EDC3C /* numbe_bg_icon@2x.png in Resources */,
				94718E841C216757007EDC3C /* goodicon_4.png in Resources */,
				94718E811C216757007EDC3C /* goodicon_1.png in Resources */,
				94718E7C1C216757007EDC3C /* button_cart@2x.png in Resources */,
				94718E381C210627007EDC3C /* LaunchScreen.storyboard in Resources */,
				94718E7B1C216757007EDC3C /* button_add_cart.png in Resources */,
				94718E7A1C216757007EDC3C /* add_icon@2x.png in Resources */,
				94718E861C216757007EDC3C /* goodicon_6.png in Resources */,
				94718E851C216757007EDC3C /* goodicon_5.png in Resources */,
				94718E7D1C216757007EDC3C /* check_n@2x.png in Resources */,
				94718E8E1C2169EF007EDC3C /* shoppingCart.gif in Resources */,
				94718E8B1C216757007EDC3C /* jian_icon@2x.png in Resources */,
				94718E351C210627007EDC3C /* Assets.xcassets in Resources */,
				94718E821C216757007EDC3C /* goodicon_2.png in Resources */,
				94718E7F1C216757007EDC3C /* delete_icon@2x.png in Resources */,
				94718E801C216757007EDC3C /* goodicon_0.png in Resources */,
				94718E331C210627007EDC3C /* Main.storyboard in Resources */,
				94718E871C216757007EDC3C /* goodicon_7.png in Resources */,
			);
			runOnlyForDeploymentPostprocessing = 0;
		};
/* End PBXResourcesBuildPhase section */

/* Begin PBXSourcesBuildPhase section */
		94718E261C210626007EDC3C /* Sources */ = {
			isa = PBXSourcesBuildPhase;
			buildActionMask = 2147483647;
			files = (
				94718E5C1C2118D4007EDC3C /* EdgeInsets.swift in Sources */,
				94718E551C2118D4007EDC3C /* Constraint.swift in Sources */,
				94718E591C2118D4007EDC3C /* ConstraintMaker.swift in Sources */,
				94718E5A1C2118D4007EDC3C /* ConstraintRelation.swift in Sources */,
				94718E421C2106CF007EDC3C /* GoodModel.swift in Sources */,
				94718E601C2118D4007EDC3C /* View+SnapKit.swift in Sources */,
				94718E631C2137E7007EDC3C /* ShoppingCartVC.swift in Sources */,
				94718E671C214087007EDC3C /* OldPriceLabel.swift in Sources */,
				94718E561C2118D4007EDC3C /* ConstraintAttributes.swift in Sources */,
				94718E401C210659007EDC3C /* GoodListViewController.swift in Sources */,
				94718E5E1C2118D4007EDC3C /* SnapKit.swift in Sources */,
				94718E441C2113AF007EDC3C /* GoodListCell.swift in Sources */,
				94718E5F1C2118D4007EDC3C /* SourceLocation.swift in Sources */,
				94718E301C210627007EDC3C /* ViewController.swift in Sources */,
				94718E2E1C210627007EDC3C /* AppDelegate.swift in Sources */,
				94718E611C2118D4007EDC3C /* ViewController+SnapKit.swift in Sources */,
				94718E571C2118D4007EDC3C /* ConstraintDescription.swift in Sources */,
				94718E5B1C2118D4007EDC3C /* Debugging.swift in Sources */,
				94718E5D1C2118D4007EDC3C /* LayoutConstraint.swift in Sources */,
				94718E581C2118D4007EDC3C /* ConstraintItem.swift in Sources */,
				94718E651C213D55007EDC3C /* ShoppingCartCell.swift in Sources */,
			);
			runOnlyForDeploymentPostprocessing = 0;
		};
/* End PBXSourcesBuildPhase section */

/* Begin PBXVariantGroup section */
		94718E311C210627007EDC3C /* Main.storyboard */ = {
			isa = PBXVariantGroup;
			children = (
				94718E321C210627007EDC3C /* Base */,
			);
			name = Main.storyboard;
			sourceTree = "<group>";
		};
		94718E361C210627007EDC3C /* LaunchScreen.storyboard */ = {
			isa = PBXVariantGroup;
			children = (
				94718E371C210627007EDC3C /* Base */,
			);
			name = LaunchScreen.storyboard;
			sourceTree = "<group>";
		};
/* End PBXVariantGroup section */

/* Begin XCBuildConfiguration section */
		94718E3A1C210627007EDC3C /* Debug */ = {
			isa = XCBuildConfiguration;
			buildSettings = {
				ALWAYS_SEARCH_USER_PATHS = NO;
				CLANG_CXX_LANGUAGE_STANDARD = "gnu++0x";
				CLANG_CXX_LIBRARY = "libc++";
				CLANG_ENABLE_MODULES = YES;
				CLANG_ENABLE_OBJC_ARC = YES;
				CLANG_WARN_BOOL_CONVERSION = YES;
				CLANG_WARN_CONSTANT_CONVERSION = YES;
				CLANG_WARN_DIRECT_OBJC_ISA_USAGE = YES_ERROR;
				CLANG_WARN_EMPTY_BODY = YES;
				CLANG_WARN_ENUM_CONVERSION = YES;
				CLANG_WARN_INT_CONVERSION = YES;
				CLANG_WARN_OBJC_ROOT_CLASS = YES_ERROR;
				CLANG_WARN_UNREACHABLE_CODE = YES;
				CLANG_WARN__DUPLICATE_METHOD_MATCH = YES;
				"CODE_SIGN_IDENTITY[sdk=iphoneos*]" = "iPhone Developer";
				COPY_PHASE_STRIP = NO;
				DEBUG_INFORMATION_FORMAT = dwarf;
				ENABLE_STRICT_OBJC_MSGSEND = YES;
				ENABLE_TESTABILITY = YES;
				GCC_C_LANGUAGE_STANDARD = gnu99;
				GCC_DYNAMIC_NO_PIC = NO;
				GCC_NO_COMMON_BLOCKS = YES;
				GCC_OPTIMIZATION_LEVEL = 0;
				GCC_PREPROCESSOR_DEFINITIONS = (
					"DEBUG=1",
					"$(inherited)",
				);
				GCC_WARN_64_TO_32_BIT_CONVERSION = YES;
				GCC_WARN_ABOUT_RETURN_TYPE = YES_ERROR;
				GCC_WARN_UNDECLARED_SELECTOR = YES;
				GCC_WARN_UNINITIALIZED_AUTOS = YES_AGGRESSIVE;
				GCC_WARN_UNUSED_FUNCTION = YES;
				GCC_WARN_UNUSED_VARIABLE = YES;
				IPHONEOS_DEPLOYMENT_TARGET = 9.1;
				MTL_ENABLE_DEBUG_INFO = YES;
				ONLY_ACTIVE_ARCH = YES;
				SDKROOT = iphoneos;
				SWIFT_OPTIMIZATION_LEVEL = "-Onone";
				TARGETED_DEVICE_FAMILY = "1,2";
			};
			name = Debug;
		};
		94718E3B1C210627007EDC3C /* Release */ = {
			isa = XCBuildConfiguration;
			buildSettings = {
				ALWAYS_SEARCH_USER_PATHS = NO;
				CLANG_CXX_LANGUAGE_STANDARD = "gnu++0x";
				CLANG_CXX_LIBRARY = "libc++";
				CLANG_ENABLE_MODULES = YES;
				CLANG_ENABLE_OBJC_ARC = YES;
				CLANG_WARN_BOOL_CONVERSION = YES;
				CLANG_WARN_CONSTANT_CONVERSION = YES;
				CLANG_WARN_DIRECT_OBJC_ISA_USAGE = YES_ERROR;
				CLANG_WARN_EMPTY_BODY = YES;
				CLANG_WARN_ENUM_CONVERSION = YES;
				CLANG_WARN_INT_CONVERSION = YES;
				CLANG_WARN_OBJC_ROOT_CLASS = YES_ERROR;
				CLANG_WARN_UNREACHABLE_CODE = YES;
				CLANG_WARN__DUPLICATE_METHOD_MATCH = YES;
				"CODE_SIGN_IDENTITY[sdk=iphoneos*]" = "iPhone Developer";
				COPY_PHASE_STRIP = NO;
				DEBUG_INFORMATION_FORMAT = "dwarf-with-dsym";
				ENABLE_NS_ASSERTIONS = NO;
				ENABLE_STRICT_OBJC_MSGSEND = YES;
				GCC_C_LANGUAGE_STANDARD = gnu99;
				GCC_NO_COMMON_BLOCKS = YES;
				GCC_WARN_64_TO_32_BIT_CONVERSION = YES;
				GCC_WARN_ABOUT_RETURN_TYPE = YES_ERROR;
				GCC_WARN_UNDECLARED_SELECTOR = YES;
				GCC_WARN_UNINITIALIZED_AUTOS = YES_AGGRESSIVE;
				GCC_WARN_UNUSED_FUNCTION = YES;
				GCC_WARN_UNUSED_VARIABLE = YES;
				IPHONEOS_DEPLOYMENT_TARGET = 9.1;
				MTL_ENABLE_DEBUG_INFO = NO;
				SDKROOT = iphoneos;
				TARGETED_DEVICE_FAMILY = "1,2";
				VALIDATE_PRODUCT = YES;
			};
			name = Release;
		};
		94718E3D1C210627007EDC3C /* Debug */ = {
			isa = XCBuildConfiguration;
			buildSettings = {
				ASSETCATALOG_COMPILER_APPICON_NAME = AppIcon;
				INFOPLIST_FILE = ShoppingCartSwiftDemo/Info.plist;
				LD_RUNPATH_SEARCH_PATHS = "$(inherited) @executable_path/Frameworks";
				PRODUCT_BUNDLE_IDENTIFIER = "LangYue-China.ShoppingCartSwiftDemo";
				PRODUCT_NAME = "$(TARGET_NAME)";
			};
			name = Debug;
		};
		94718E3E1C210627007EDC3C /* Release */ = {
			isa = XCBuildConfiguration;
			buildSettings = {
				ASSETCATALOG_COMPILER_APPICON_NAME = AppIcon;
				INFOPLIST_FILE = ShoppingCartSwiftDemo/Info.plist;
				LD_RUNPATH_SEARCH_PATHS = "$(inherited) @executable_path/Frameworks";
				PRODUCT_BUNDLE_IDENTIFIER = "LangYue-China.ShoppingCartSwiftDemo";
				PRODUCT_NAME = "$(TARGET_NAME)";
			};
			name = Release;
		};
/* End XCBuildConfiguration section */

/* Begin XCConfigurationList section */
		94718E251C210626007EDC3C /* Build configuration list for PBXProject "ShoppingCartSwiftDemo" */ = {
			isa = XCConfigurationList;
			buildConfigurations = (
				94718E3A1C210627007EDC3C /* Debug */,
				94718E3B1C210627007EDC3C /* Release */,
			);
			defaultConfigurationIsVisible = 0;
			defaultConfigurationName = Release;
		};
		94718E3C1C210627007EDC3C /* Build configuration list for PBXNativeTarget "ShoppingCartSwiftDemo" */ = {
			isa = XCConfigurationList;
			buildConfigurations = (
				94718E3D1C210627007EDC3C /* Debug */,
				94718E3E1C210627007EDC3C /* Release */,
			);
			defaultConfigurationIsVisible = 0;
		};
/* End XCConfigurationList section */
	};
	rootObject = 94718E221C210626007EDC3C /* Project object */;
}
